
Microsoft Visual Studio Solution File, Format Version 12.00
# Visual Studio Version 16
VisualStudioVersion = 16.0.33529.622
MinimumVisualStudioVersion = 10.0.40219.1
Project("{FAE04EC0-301F-11D3-BF4B-00C04F79EFBC}") = "ManagerTour", "ManagerTour\ManagerTour.csproj", "{9B40FDB2-3037-4D84-BC0A-0442AF69AAA6}"
EndProject
Global
	GlobalSection(SolutionConfigurationPlatforms) = preSolution
		Debug|Any CPU = Debug|Any CPU
		Release|Any CPU = Release|Any CPU
	EndGlobalSection
	GlobalSection(ProjectConfigurationPlatforms) = postSolution
		{9B40FDB2-3037-4D84-BC0A-0442AF69AAA6}.Debug|Any CPU.ActiveCfg = Debug|Any CPU
		{9B40FDB2-3037-4D84-BC0A-0442AF69AAA6}.Debug|Any CPU.Build.0 = Debug|Any CPU
		{9B40FDB2-3037-4D84-BC0A-0442AF69AAA6}.Release|Any CPU.ActiveCfg = Release|Any CPU
		{9B40FDB2-3037-4D84-BC0A-0442AF69AAA6}.Release|Any CPU.Build.0 = Release|Any CPU
	EndGlobalSection
	GlobalSection(SolutionProperties) = preSolution
		HideSolutionNode = FALSE
	EndGlobalSection
	GlobalSection(ExtensibilityGlobals) = postSolution
		SolutionGuid = {A11CB3EE-CFD7-436C-BB68-537719511AA9}
	EndGlobalSection
EndGlobal
